
Microsoft Visual Studio Solution File, Format Version 12.00
# Visual Studio Version 16
VisualStudioVersion = 16.0.31729.503
MinimumVisualStudioVersion = 10.0.40219.1
Project("{FAE04EC0-301F-11D3-BF4B-00C04F79EFBC}") = "CSGO Simple Glow", "CSGO Simple Glow.csproj", "{510E152B-686A-4833-A9F9-52093D29F00F}"
EndProject
Global
	GlobalSection(SolutionConfigurationPlatforms) = preSolution
		Debug|Any CPU = Debug|Any CPU
		Release|Any CPU = Release|Any CPU
	EndGlobalSection
	GlobalSection(ProjectConfigurationPlatforms) = postSolution
		{510E152B-686A-4833-A9F9-52093D29F00F}.Debug|Any CPU.ActiveCfg = Debug|Any CPU
		{510E152B-686A-4833-A9F9-52093D29F00F}.Debug|Any CPU.Build.0 = Debug|Any CPU
		{510E152B-686A-4833-A9F9-52093D29F00F}.Release|Any CPU.ActiveCfg = Release|Any CPU
		{510E152B-686A-4833-A9F9-52093D29F00F}.Release|Any CPU.Build.0 = Release|Any CPU
	EndGlobalSection
	GlobalSection(SolutionProperties) = preSolution
		HideSolutionNode = FALSE
	EndGlobalSection
	GlobalSection(ExtensibilityGlobals) = postSolution
		SolutionGuid = {60FA4A92-AE5A-413E-9473-AB5BADB26AD8}
	EndGlobalSection
EndGlobal
